
Microsoft Visual Studio Solution File, Format Version 12.00
# Visual Studio Version 16
VisualStudioVersion = 16.0.31911.196
MinimumVisualStudioVersion = 10.0.40219.1
Project("{2150E333-8FDC-42A3-9474-1A3956D46DE8}") = "01.Clients", "01.Clients", "{B5EAB35C-ED26-4326-8D2E-2477849CF5E3}"
EndProject
Project("{2150E333-8FDC-42A3-9474-1A3956D46DE8}") = "02.APIGateways", "02.APIGateways", "{9064224E-D40B-4B31-A0CA-9F82591A6761}"
EndProject
Project("{2150E333-8FDC-42A3-9474-1A3956D46DE8}") = "03.Services", "03.Services", "{CC6A7603-5D5C-4374-B58E-7264BD6BA0E7}"
EndProject
Project("{2150E333-8FDC-42A3-9474-1A3956D46DE8}") = "01.Identity", "01.Identity", "{4BCD1F4A-1D99-4FBA-A924-6C058D099DF6}"
EndProject
Project("{2150E333-8FDC-42A3-9474-1A3956D46DE8}") = "02.Catalog", "02.Catalog", "{FBAF75AF-D5FE-42E0-AF50-6FE404E16B8C}"
EndProject
Project("{2150E333-8FDC-42A3-9474-1A3956D46DE8}") = "03.Customer", "03.Customer", "{87C51F28-8552-44CD-941E-085F244DF6B1}"
EndProject
Project("{2150E333-8FDC-42A3-9474-1A3956D46DE8}") = "04.Order", "04.Order", "{D8496088-BAA4-4462-B65B-F141F3E6B5CB}"
EndProject
Project("{9A19103F-16F7-4668-BE54-9A1E7A4F7556}") = "Catalog.API", "src\Services\Catalog\Catalog.API\Catalog.API.csproj", "{0518A355-5AAB-4EA0-920A-2189A965C863}"
EndProject
Project("{2150E333-8FDC-42A3-9474-1A3956D46DE8}") = "01.API", "01.API", "{F20AA052-0082-4CED-852F-8F500A546902}"
EndProject
Project("{2150E333-8FDC-42A3-9474-1A3956D46DE8}") = "02.Persistence", "02.Persistence", "{BC201B74-3C5D-4498-B579-4081B57F1F56}"
EndProject
Project("{2150E333-8FDC-42A3-9474-1A3956D46DE8}") = "03.Services", "03.Services", "{CB572A0F-2AE2-4B4C-91D0-E3305AB4F129}"
EndProject
Project("{2150E333-8FDC-42A3-9474-1A3956D46DE8}") = "04.Models", "04.Models", "{6CF472CD-BB85-46DF-8D23-AE4E5F6CDB81}"
EndProject
Project("{9A19103F-16F7-4668-BE54-9A1E7A4F7556}") = "Catalog.Domain", "src\Services\Catalog\Catalog.Domain\Catalog.Domain.csproj", "{88C23E2D-4603-46F3-9030-4525A2207330}"
EndProject
Project("{9A19103F-16F7-4668-BE54-9A1E7A4F7556}") = "Catalog.Persistence.Database", "src\Services\Catalog\Catalog.Persistence.Database\Catalog.Persistence.Database.csproj", "{ECB48D52-EB8B-444F-8A1E-3AE321528664}"
EndProject
Project("{9A19103F-16F7-4668-BE54-9A1E7A4F7556}") = "Catalog.Service.Queries", "src\Services\Catalog\Catalog.Service.Queries\Catalog.Service.Queries.csproj", "{E4E56B2C-E9AF-4A20-8BC3-D629F208129B}"
EndProject
Project("{2150E333-8FDC-42A3-9474-1A3956D46DE8}") = "05.Common", "05.Common", "{0D1B3DD9-4DA6-4CAD-B308-2A5FD2691E40}"
EndProject
Project("{9A19103F-16F7-4668-BE54-9A1E7A4F7556}") = "Service.Common.Mapping", "src\Services\Catalog\Service.Common.Mapping\Service.Common.Mapping.csproj", "{A9D45616-AE54-4E72-84D6-F9DA7AB96F21}"
EndProject
Project("{9A19103F-16F7-4668-BE54-9A1E7A4F7556}") = "Service.Common.Collection", "Service.Common.Collection\Service.Common.Collection.csproj", "{6332844B-4C79-4A54-B53F-8A26D764D9C3}"
EndProject
Project("{9A19103F-16F7-4668-BE54-9A1E7A4F7556}") = "Service.Common.Paging", "src\Services\Catalog\Service.Common.Paging\Service.Common.Paging.csproj", "{6C7C43D5-3AB2-437B-90B4-818631349316}"
EndProject
Project("{9A19103F-16F7-4668-BE54-9A1E7A4F7556}") = "Catalog.Services.EventHandlers", "src\Services\Catalog\Catalog.Services.EventHandlers\Catalog.Services.EventHandlers.csproj", "{70D11A93-4BBD-488B-9CF9-1B8337DD092B}"
EndProject
Project("{2150E333-8FDC-42A3-9474-1A3956D46DE8}") = "06.Testing", "06.Testing", "{A14CAE10-CBB0-4CFE-B60D-A3ACEDE036BC}"
EndProject
Project("{9A19103F-16F7-4668-BE54-9A1E7A4F7556}") = "Catalog.Tests", "src\Services\Catalog\Catalog.Tests\Catalog.Tests.csproj", "{B8EE8BCC-CEB6-4EED-A559-A2E7DECD9235}"
EndProject
Project("{2150E333-8FDC-42A3-9474-1A3956D46DE8}") = "01.API", "01.API", "{145BA788-DEC8-4188-88FA-1674A67D1822}"
EndProject
Project("{2150E333-8FDC-42A3-9474-1A3956D46DE8}") = "02.Persistence", "02.Persistence", "{39439EF0-6736-4AAF-A003-8984779AAA72}"
EndProject
Project("{2150E333-8FDC-42A3-9474-1A3956D46DE8}") = "03.Services", "03.Services", "{52769D32-0E9D-4AF8-8B8B-C476FBE730E7}"
EndProject
Project("{2150E333-8FDC-42A3-9474-1A3956D46DE8}") = "04.Models", "04.Models", "{AB179D02-C078-4836-84CC-11E8FF2241DB}"
EndProject
Project("{9A19103F-16F7-4668-BE54-9A1E7A4F7556}") = "Customer.Domain", "src\Services\Customer\Customer.Domain\Customer.Domain.csproj", "{6E3DC862-54DF-4DEC-A6C7-DDB79FCF3395}"
EndProject
Project("{9A19103F-16F7-4668-BE54-9A1E7A4F7556}") = "Customer.API", "Customer.API\Customer.API.csproj", "{781ADDEB-7BD2-4597-A58F-AFF2E757A558}"
EndProject
Project("{9A19103F-16F7-4668-BE54-9A1E7A4F7556}") = "Customer.Persistence.Database", "src\Services\Customer\Customer.Persistence.Database\Customer.Persistence.Database.csproj", "{0CFF2AAC-421B-48F8-892B-8B016E05CBE7}"
EndProject
Project("{9A19103F-16F7-4668-BE54-9A1E7A4F7556}") = "Customer.Service.Queries", "src\Services\Customer\Customer.Service.Queries\Customer.Service.Queries.csproj", "{63CC30F2-0267-4686-A7DC-7307AF49CFDD}"
EndProject
Project("{FAE04EC0-301F-11D3-BF4B-00C04F79EFBC}") = "Customer.Service.EventHandlers", "src\Services\Customer\Customer.Service.EventHandlers\Customer.Service.EventHandlers.csproj", "{A5EA40F3-3408-41F3-AE1B-24474371CA05}"
EndProject
Project("{2150E333-8FDC-42A3-9474-1A3956D46DE8}") = "05.Testing", "05.Testing", "{230E927D-D423-4538-A3FF-600C72C4932C}"
EndProject
Project("{FAE04EC0-301F-11D3-BF4B-00C04F79EFBC}") = "Customer.Tests", "src\Services\Customer\Customer.Tests\Customer.Tests.csproj", "{FBF5018E-1FFA-42B1-AE66-76AB8215BC60}"
EndProject
Global
	GlobalSection(SolutionConfigurationPlatforms) = preSolution
		Debug|Any CPU = Debug|Any CPU
		Release|Any CPU = Release|Any CPU
	EndGlobalSection
	GlobalSection(ProjectConfigurationPlatforms) = postSolution
		{0518A355-5AAB-4EA0-920A-2189A965C863}.Debug|Any CPU.ActiveCfg = Debug|Any CPU
		{0518A355-5AAB-4EA0-920A-2189A965C863}.Debug|Any CPU.Build.0 = Debug|Any CPU
		{0518A355-5AAB-4EA0-920A-2189A965C863}.Release|Any CPU.ActiveCfg = Release|Any CPU
		{0518A355-5AAB-4EA0-920A-2189A965C863}.Release|Any CPU.Build.0 = Release|Any CPU
		{88C23E2D-4603-46F3-9030-4525A2207330}.Debug|Any CPU.ActiveCfg = Debug|Any CPU
		{88C23E2D-4603-46F3-9030-4525A2207330}.Debug|Any CPU.Build.0 = Debug|Any CPU
		{88C23E2D-4603-46F3-9030-4525A2207330}.Release|Any CPU.ActiveCfg = Release|Any CPU
		{88C23E2D-4603-46F3-9030-4525A2207330}.Release|Any CPU.Build.0 = Release|Any CPU
		{ECB48D52-EB8B-444F-8A1E-3AE321528664}.Debug|Any CPU.ActiveCfg = Debug|Any CPU
		{ECB48D52-EB8B-444F-8A1E-3AE321528664}.Debug|Any CPU.Build.0 = Debug|Any CPU
		{ECB48D52-EB8B-444F-8A1E-3AE321528664}.Release|Any CPU.ActiveCfg = Release|Any CPU
		{ECB48D52-EB8B-444F-8A1E-3AE321528664}.Release|Any CPU.Build.0 = Release|Any CPU
		{E4E56B2C-E9AF-4A20-8BC3-D629F208129B}.Debug|Any CPU.ActiveCfg = Debug|Any CPU
		{E4E56B2C-E9AF-4A20-8BC3-D629F208129B}.Debug|Any CPU.Build.0 = Debug|Any CPU
		{E4E56B2C-E9AF-4A20-8BC3-D629F208129B}.Release|Any CPU.ActiveCfg = Release|Any CPU
		{E4E56B2C-E9AF-4A20-8BC3-D629F208129B}.Release|Any CPU.Build.0 = Release|Any CPU
		{A9D45616-AE54-4E72-84D6-F9DA7AB96F21}.Debug|Any CPU.ActiveCfg = Debug|Any CPU
		{A9D45616-AE54-4E72-84D6-F9DA7AB96F21}.Debug|Any CPU.Build.0 = Debug|Any CPU
		{A9D45616-AE54-4E72-84D6-F9DA7AB96F21}.Release|Any CPU.ActiveCfg = Release|Any CPU
		{A9D45616-AE54-4E72-84D6-F9DA7AB96F21}.Release|Any CPU.Build.0 = Release|Any CPU
		{6332844B-4C79-4A54-B53F-8A26D764D9C3}.Debug|Any CPU.ActiveCfg = Debug|Any CPU
		{6332844B-4C79-4A54-B53F-8A26D764D9C3}.Debug|Any CPU.Build.0 = Debug|Any CPU
		{6332844B-4C79-4A54-B53F-8A26D764D9C3}.Release|Any CPU.ActiveCfg = Release|Any CPU
		{6332844B-4C79-4A54-B53F-8A26D764D9C3}.Release|Any CPU.Build.0 = Release|Any CPU
		{6C7C43D5-3AB2-437B-90B4-818631349316}.Debug|Any CPU.ActiveCfg = Debug|Any CPU
		{6C7C43D5-3AB2-437B-90B4-818631349316}.Debug|Any CPU.Build.0 = Debug|Any CPU
		{6C7C43D5-3AB2-437B-90B4-818631349316}.Release|Any CPU.ActiveCfg = Release|Any CPU
		{6C7C43D5-3AB2-437B-90B4-818631349316}.Release|Any CPU.Build.0 = Release|Any CPU
		{70D11A93-4BBD-488B-9CF9-1B8337DD092B}.Debug|Any CPU.ActiveCfg = Debug|Any CPU
		{70D11A93-4BBD-488B-9CF9-1B8337DD092B}.Debug|Any CPU.Build.0 = Debug|Any CPU
		{70D11A93-4BBD-488B-9CF9-1B8337DD092B}.Release|Any CPU.ActiveCfg = Release|Any CPU
		{70D11A93-4BBD-488B-9CF9-1B8337DD092B}.Release|Any CPU.Build.0 = Release|Any CPU
		{B8EE8BCC-CEB6-4EED-A559-A2E7DECD9235}.Debug|Any CPU.ActiveCfg = Debug|Any CPU
		{B8EE8BCC-CEB6-4EED-A559-A2E7DECD9235}.Debug|Any CPU.Build.0 = Debug|Any CPU
		{B8EE8BCC-CEB6-4EED-A559-A2E7DECD9235}.Release|Any CPU.ActiveCfg = Release|Any CPU
		{B8EE8BCC-CEB6-4EED-A559-A2E7DECD9235}.Release|Any CPU.Build.0 = Release|Any CPU
		{6E3DC862-54DF-4DEC-A6C7-DDB79FCF3395}.Debug|Any CPU.ActiveCfg = Debug|Any CPU
		{6E3DC862-54DF-4DEC-A6C7-DDB79FCF3395}.Debug|Any CPU.Build.0 = Debug|Any CPU
		{6E3DC862-54DF-4DEC-A6C7-DDB79FCF3395}.Release|Any CPU.ActiveCfg = Release|Any CPU
		{6E3DC862-54DF-4DEC-A6C7-DDB79FCF3395}.Release|Any CPU.Build.0 = Release|Any CPU
		{781ADDEB-7BD2-4597-A58F-AFF2E757A558}.Debug|Any CPU.ActiveCfg = Debug|Any CPU
		{781ADDEB-7BD2-4597-A58F-AFF2E757A558}.Debug|Any CPU.Build.0 = Debug|Any CPU
		{781ADDEB-7BD2-4597-A58F-AFF2E757A558}.Release|Any CPU.ActiveCfg = Release|Any CPU
		{781ADDEB-7BD2-4597-A58F-AFF2E757A558}.Release|Any CPU.Build.0 = Release|Any CPU
		{0CFF2AAC-421B-48F8-892B-8B016E05CBE7}.Debug|Any CPU.ActiveCfg = Debug|Any CPU
		{0CFF2AAC-421B-48F8-892B-8B016E05CBE7}.Debug|Any CPU.Build.0 = Debug|Any CPU
		{0CFF2AAC-421B-48F8-892B-8B016E05CBE7}.Release|Any CPU.ActiveCfg = Release|Any CPU
		{0CFF2AAC-421B-48F8-892B-8B016E05CBE7}.Release|Any CPU.Build.0 = Release|Any CPU
		{63CC30F2-0267-4686-A7DC-7307AF49CFDD}.Debug|Any CPU.ActiveCfg = Debug|Any CPU
		{63CC30F2-0267-4686-A7DC-7307AF49CFDD}.Debug|Any CPU.Build.0 = Debug|Any CPU
		{63CC30F2-0267-4686-A7DC-7307AF49CFDD}.Release|Any CPU.ActiveCfg = Release|Any CPU
		{63CC30F2-0267-4686-A7DC-7307AF49CFDD}.Release|Any CPU.Build.0 = Release|Any CPU
		{A5EA40F3-3408-41F3-AE1B-24474371CA05}.Debug|Any CPU.ActiveCfg = Debug|Any CPU
		{A5EA40F3-3408-41F3-AE1B-24474371CA05}.Debug|Any CPU.Build.0 = Debug|Any CPU
		{A5EA40F3-3408-41F3-AE1B-24474371CA05}.Release|Any CPU.ActiveCfg = Release|Any CPU
		{A5EA40F3-3408-41F3-AE1B-24474371CA05}.Release|Any CPU.Build.0 = Release|Any CPU
		{FBF5018E-1FFA-42B1-AE66-76AB8215BC60}.Debug|Any CPU.ActiveCfg = Debug|Any CPU
		{FBF5018E-1FFA-42B1-AE66-76AB8215BC60}.Debug|Any CPU.Build.0 = Debug|Any CPU
		{FBF5018E-1FFA-42B1-AE66-76AB8215BC60}.Release|Any CPU.ActiveCfg = Release|Any CPU
		{FBF5018E-1FFA-42B1-AE66-76AB8215BC60}.Release|Any CPU.Build.0 = Release|Any CPU
	EndGlobalSection
	GlobalSection(SolutionProperties) = preSolution
		HideSolutionNode = FALSE
	EndGlobalSection
	GlobalSection(NestedProjects) = preSolution
		{4BCD1F4A-1D99-4FBA-A924-6C058D099DF6} = {CC6A7603-5D5C-4374-B58E-7264BD6BA0E7}
		{FBAF75AF-D5FE-42E0-AF50-6FE404E16B8C} = {CC6A7603-5D5C-4374-B58E-7264BD6BA0E7}
		{87C51F28-8552-44CD-941E-085F244DF6B1} = {CC6A7603-5D5C-4374-B58E-7264BD6BA0E7}
		{D8496088-BAA4-4462-B65B-F141F3E6B5CB} = {CC6A7603-5D5C-4374-B58E-7264BD6BA0E7}
		{0518A355-5AAB-4EA0-920A-2189A965C863} = {F20AA052-0082-4CED-852F-8F500A546902}
		{F20AA052-0082-4CED-852F-8F500A546902} = {FBAF75AF-D5FE-42E0-AF50-6FE404E16B8C}
		{BC201B74-3C5D-4498-B579-4081B57F1F56} = {FBAF75AF-D5FE-42E0-AF50-6FE404E16B8C}
		{CB572A0F-2AE2-4B4C-91D0-E3305AB4F129} = {FBAF75AF-D5FE-42E0-AF50-6FE404E16B8C}
		{6CF472CD-BB85-46DF-8D23-AE4E5F6CDB81} = {FBAF75AF-D5FE-42E0-AF50-6FE404E16B8C}
		{88C23E2D-4603-46F3-9030-4525A2207330} = {6CF472CD-BB85-46DF-8D23-AE4E5F6CDB81}
		{ECB48D52-EB8B-444F-8A1E-3AE321528664} = {BC201B74-3C5D-4498-B579-4081B57F1F56}
		{E4E56B2C-E9AF-4A20-8BC3-D629F208129B} = {CB572A0F-2AE2-4B4C-91D0-E3305AB4F129}
		{0D1B3DD9-4DA6-4CAD-B308-2A5FD2691E40} = {FBAF75AF-D5FE-42E0-AF50-6FE404E16B8C}
		{A9D45616-AE54-4E72-84D6-F9DA7AB96F21} = {0D1B3DD9-4DA6-4CAD-B308-2A5FD2691E40}
		{6332844B-4C79-4A54-B53F-8A26D764D9C3} = {0D1B3DD9-4DA6-4CAD-B308-2A5FD2691E40}
		{6C7C43D5-3AB2-437B-90B4-818631349316} = {0D1B3DD9-4DA6-4CAD-B308-2A5FD2691E40}
		{70D11A93-4BBD-488B-9CF9-1B8337DD092B} = {CB572A0F-2AE2-4B4C-91D0-E3305AB4F129}
		{A14CAE10-CBB0-4CFE-B60D-A3ACEDE036BC} = {FBAF75AF-D5FE-42E0-AF50-6FE404E16B8C}
		{B8EE8BCC-CEB6-4EED-A559-A2E7DECD9235} = {A14CAE10-CBB0-4CFE-B60D-A3ACEDE036BC}
		{145BA788-DEC8-4188-88FA-1674A67D1822} = {87C51F28-8552-44CD-941E-085F244DF6B1}
		{39439EF0-6736-4AAF-A003-8984779AAA72} = {87C51F28-8552-44CD-941E-085F244DF6B1}
		{52769D32-0E9D-4AF8-8B8B-C476FBE730E7} = {87C51F28-8552-44CD-941E-085F244DF6B1}
		{AB179D02-C078-4836-84CC-11E8FF2241DB} = {87C51F28-8552-44CD-941E-085F244DF6B1}
		{6E3DC862-54DF-4DEC-A6C7-DDB79FCF3395} = {AB179D02-C078-4836-84CC-11E8FF2241DB}
		{781ADDEB-7BD2-4597-A58F-AFF2E757A558} = {145BA788-DEC8-4188-88FA-1674A67D1822}
		{0CFF2AAC-421B-48F8-892B-8B016E05CBE7} = {39439EF0-6736-4AAF-A003-8984779AAA72}
		{63CC30F2-0267-4686-A7DC-7307AF49CFDD} = {52769D32-0E9D-4AF8-8B8B-C476FBE730E7}
		{A5EA40F3-3408-41F3-AE1B-24474371CA05} = {52769D32-0E9D-4AF8-8B8B-C476FBE730E7}
		{230E927D-D423-4538-A3FF-600C72C4932C} = {87C51F28-8552-44CD-941E-085F244DF6B1}
		{FBF5018E-1FFA-42B1-AE66-76AB8215BC60} = {230E927D-D423-4538-A3FF-600C72C4932C}
	EndGlobalSection
	GlobalSection(ExtensibilityGlobals) = postSolution
		SolutionGuid = {C87667D5-B7A5-49AC-938F-7813683D1DA2}
	EndGlobalSection
EndGlobal
