
Microsoft Visual Studio Solution File, Format Version 12.00
# Visual Studio Version 16
VisualStudioVersion = 16.0.31911.196
MinimumVisualStudioVersion = 10.0.40219.1
Project("{2150E333-8FDC-42A3-9474-1A3956D46DE8}") = "01.Clients", "01.Clients", "{B5EAB35C-ED26-4326-8D2E-2477849CF5E3}"
EndProject
Project("{2150E333-8FDC-42A3-9474-1A3956D46DE8}") = "02.APIGateways", "02.APIGateways", "{9064224E-D40B-4B31-A0CA-9F82591A6761}"
EndProject
Project("{2150E333-8FDC-42A3-9474-1A3956D46DE8}") = "03.Services", "03.Services", "{CC6A7603-5D5C-4374-B58E-7264BD6BA0E7}"
EndProject
Project("{2150E333-8FDC-42A3-9474-1A3956D46DE8}") = "01.Identity", "01.Identity", "{4BCD1F4A-1D99-4FBA-A924-6C058D099DF6}"
EndProject
Project("{2150E333-8FDC-42A3-9474-1A3956D46DE8}") = "02.Catalog", "02.Catalog", "{FBAF75AF-D5FE-42E0-AF50-6FE404E16B8C}"
EndProject
Project("{2150E333-8FDC-42A3-9474-1A3956D46DE8}") = "03.Customer", "03.Customer", "{87C51F28-8552-44CD-941E-085F244DF6B1}"
EndProject
Project("{2150E333-8FDC-42A3-9474-1A3956D46DE8}") = "04.Order", "04.Order", "{D8496088-BAA4-4462-B65B-F141F3E6B5CB}"
EndProject
Project("{FAE04EC0-301F-11D3-BF4B-00C04F79EFBC}") = "Catalog.API", "src\Services\Catalog\Catalog.API\Catalog.API.csproj", "{0518A355-5AAB-4EA0-920A-2189A965C863}"
EndProject
Project("{2150E333-8FDC-42A3-9474-1A3956D46DE8}") = "01.API", "01.API", "{F20AA052-0082-4CED-852F-8F500A546902}"
EndProject
Project("{2150E333-8FDC-42A3-9474-1A3956D46DE8}") = "02.Persistence", "02.Persistence", "{BC201B74-3C5D-4498-B579-4081B57F1F56}"
EndProject
Project("{2150E333-8FDC-42A3-9474-1A3956D46DE8}") = "03.Services", "03.Services", "{CB572A0F-2AE2-4B4C-91D0-E3305AB4F129}"
EndProject
Project("{2150E333-8FDC-42A3-9474-1A3956D46DE8}") = "04.Models", "04.Models", "{6CF472CD-BB85-46DF-8D23-AE4E5F6CDB81}"
EndProject
Project("{FAE04EC0-301F-11D3-BF4B-00C04F79EFBC}") = "Catalog.Domain", "src\Services\Catalog\Catalog.Domain\Catalog.Domain.csproj", "{88C23E2D-4603-46F3-9030-4525A2207330}"
EndProject
Project("{FAE04EC0-301F-11D3-BF4B-00C04F79EFBC}") = "Catalog.Persistence.Database", "src\Services\Catalog\Catalog.Persistence.Database\Catalog.Persistence.Database.csproj", "{ECB48D52-EB8B-444F-8A1E-3AE321528664}"
EndProject
Global
	GlobalSection(SolutionConfigurationPlatforms) = preSolution
		Debug|Any CPU = Debug|Any CPU
		Release|Any CPU = Release|Any CPU
	EndGlobalSection
	GlobalSection(ProjectConfigurationPlatforms) = postSolution
		{0518A355-5AAB-4EA0-920A-2189A965C863}.Debug|Any CPU.ActiveCfg = Debug|Any CPU
		{0518A355-5AAB-4EA0-920A-2189A965C863}.Debug|Any CPU.Build.0 = Debug|Any CPU
		{0518A355-5AAB-4EA0-920A-2189A965C863}.Release|Any CPU.ActiveCfg = Release|Any CPU
		{0518A355-5AAB-4EA0-920A-2189A965C863}.Release|Any CPU.Build.0 = Release|Any CPU
		{88C23E2D-4603-46F3-9030-4525A2207330}.Debug|Any CPU.ActiveCfg = Debug|Any CPU
		{88C23E2D-4603-46F3-9030-4525A2207330}.Debug|Any CPU.Build.0 = Debug|Any CPU
		{88C23E2D-4603-46F3-9030-4525A2207330}.Release|Any CPU.ActiveCfg = Release|Any CPU
		{88C23E2D-4603-46F3-9030-4525A2207330}.Release|Any CPU.Build.0 = Release|Any CPU
		{ECB48D52-EB8B-444F-8A1E-3AE321528664}.Debug|Any CPU.ActiveCfg = Debug|Any CPU
		{ECB48D52-EB8B-444F-8A1E-3AE321528664}.Debug|Any CPU.Build.0 = Debug|Any CPU
		{ECB48D52-EB8B-444F-8A1E-3AE321528664}.Release|Any CPU.ActiveCfg = Release|Any CPU
		{ECB48D52-EB8B-444F-8A1E-3AE321528664}.Release|Any CPU.Build.0 = Release|Any CPU
	EndGlobalSection
	GlobalSection(SolutionProperties) = preSolution
		HideSolutionNode = FALSE
	EndGlobalSection
	GlobalSection(NestedProjects) = preSolution
		{4BCD1F4A-1D99-4FBA-A924-6C058D099DF6} = {CC6A7603-5D5C-4374-B58E-7264BD6BA0E7}
		{FBAF75AF-D5FE-42E0-AF50-6FE404E16B8C} = {CC6A7603-5D5C-4374-B58E-7264BD6BA0E7}
		{87C51F28-8552-44CD-941E-085F244DF6B1} = {CC6A7603-5D5C-4374-B58E-7264BD6BA0E7}
		{D8496088-BAA4-4462-B65B-F141F3E6B5CB} = {CC6A7603-5D5C-4374-B58E-7264BD6BA0E7}
		{0518A355-5AAB-4EA0-920A-2189A965C863} = {F20AA052-0082-4CED-852F-8F500A546902}
		{F20AA052-0082-4CED-852F-8F500A546902} = {FBAF75AF-D5FE-42E0-AF50-6FE404E16B8C}
		{BC201B74-3C5D-4498-B579-4081B57F1F56} = {FBAF75AF-D5FE-42E0-AF50-6FE404E16B8C}
		{CB572A0F-2AE2-4B4C-91D0-E3305AB4F129} = {FBAF75AF-D5FE-42E0-AF50-6FE404E16B8C}
		{6CF472CD-BB85-46DF-8D23-AE4E5F6CDB81} = {FBAF75AF-D5FE-42E0-AF50-6FE404E16B8C}
		{88C23E2D-4603-46F3-9030-4525A2207330} = {6CF472CD-BB85-46DF-8D23-AE4E5F6CDB81}
		{ECB48D52-EB8B-444F-8A1E-3AE321528664} = {BC201B74-3C5D-4498-B579-4081B57F1F56}
	EndGlobalSection
	GlobalSection(ExtensibilityGlobals) = postSolution
		SolutionGuid = {C87667D5-B7A5-49AC-938F-7813683D1DA2}
	EndGlobalSection
EndGlobal
